Microsoft Visual Studio Solution File, Format Version 11.00
# Visual Studio 2008

Project("{F30D87FD-2D62-FBAB-2C9E-7A3CDC873B8E}") = "Nightmare Prototype", "Assembly-CSharp-firstpass.csproj", "{C15ABF47-64DA-8B3E-6A43-9549E7E35453}"
EndProject
Project("{F30D87FD-2D62-FBAB-2C9E-7A3CDC873B8E}") = "Nightmare Prototype", "Assembly-CSharp.csproj", "{3D6E6618-389D-8209-B4C7-1A744D23D913}"
EndProject
Project("{F30D87FD-2D62-FBAB-2C9E-7A3CDC873B8E}") = "Nightmare Prototype", "Assembly-CSharp-Editor.csproj", "{B8A6CBEB-5DA8-BA52-36B0-4C53BB57EF60}"
EndProject
Global
	GlobalSection(SolutionConfigurationPlatforms) = preSolution
		Debug|Any CPU = Debug|Any CPU
		Release|Any CPU = Release|Any CPU
	EndGlobalSection
	GlobalSection(ProjectConfigurationPlatforms) = postSolution
		{C15ABF47-64DA-8B3E-6A43-9549E7E35453}.Debug|Any CPU.ActiveCfg = Debug|Any CPU
		{C15ABF47-64DA-8B3E-6A43-9549E7E35453}.Debug|Any CPU.Build.0 = Debug|Any CPU
		{C15ABF47-64DA-8B3E-6A43-9549E7E35453}.Release|Any CPU.ActiveCfg = Release|Any CPU
		{C15ABF47-64DA-8B3E-6A43-9549E7E35453}.Release|Any CPU.Build.0 = Release|Any CPU
		{3D6E6618-389D-8209-B4C7-1A744D23D913}.Debug|Any CPU.ActiveCfg = Debug|Any CPU
		{3D6E6618-389D-8209-B4C7-1A744D23D913}.Debug|Any CPU.Build.0 = Debug|Any CPU
		{3D6E6618-389D-8209-B4C7-1A744D23D913}.Release|Any CPU.ActiveCfg = Release|Any CPU
		{3D6E6618-389D-8209-B4C7-1A744D23D913}.Release|Any CPU.Build.0 = Release|Any CPU
		{B8A6CBEB-5DA8-BA52-36B0-4C53BB57EF60}.Debug|Any CPU.ActiveCfg = Debug|Any CPU
		{B8A6CBEB-5DA8-BA52-36B0-4C53BB57EF60}.Debug|Any CPU.Build.0 = Debug|Any CPU
		{B8A6CBEB-5DA8-BA52-36B0-4C53BB57EF60}.Release|Any CPU.ActiveCfg = Release|Any CPU
		{B8A6CBEB-5DA8-BA52-36B0-4C53BB57EF60}.Release|Any CPU.Build.0 = Release|Any CPU
	EndGlobalSection
	GlobalSection(SolutionProperties) = preSolution
		HideSolutionNode = FALSE
	EndGlobalSection
														GlobalSection(MonoDevelopProperties) = preSolution
		StartupItem = Assembly-CSharp.csproj
		Policies = $0
		$0.TextStylePolicy = $1
		$1.inheritsSet = null
		$1.scope = text/x-csharp
		$0.CSharpFormattingPolicy = $2
		$2.inheritsSet = Mono
		$2.inheritsScope = text/x-csharp
		$2.scope = text/x-csharp
		$0.TextStylePolicy = $3
		$3.FileWidth = 120
		$3.TabWidth = 4
		$3.IndentWidth = 4
		$3.EolMarker = Unix
		$3.inheritsSet = Mono
		$3.inheritsScope = text/plain
		$3.scope = text/plain
	EndGlobalSection

EndGlobal
